<?xml version="1.0" encoding="utf-8"?>
<Project ToolsVersion="16.0" xmlns="http://schemas.microsoft.com/developer/msbuild/2003">
  <ItemGroup>
    <ClCompile Include="D:\Git\GumbasCPP\GumbasCPP\GumbasCPP.cpp">
      <Filter>Source Files</Filter>
    </ClCompile>
  </ItemGroup>
  <ItemGroup>
    <ClInclude Include="D:\Git\GumbasCPP\GumbasCPP\GumbasCPP.h">
      <Filter>Header Files</Filter>
    </ClInclude>
  </ItemGroup>
  <ItemGroup>
    <CustomBuild Include="D:\Git\GumbasCPP\GumbasCPP\CMakeLists.txt" />
  </ItemGroup>
  <ItemGroup>
    <Filter Include="Header Files">
      <UniqueIdentifier>{5FCBECF6-DC67-32F2-978C-D54293902020}</UniqueIdentifier>
    </Filter>
    <Filter Include="Source Files">
      <UniqueIdentifier>{0E178A3B-2F11-3E22-9DBF-88F066D2BA5B}</UniqueIdentifier>
    </Filter>
  </ItemGroup>
</Project>
